<?xml version="1.0" encoding="utf-8"?>
<Project ToolsVersion="4.0" xmlns="http://schemas.microsoft.com/developer/msbuild/2003">
  <ItemGroup>
    <Filter Include="Source Files">
      <UniqueIdentifier>{4FC737F1-C7A5-4376-A066-2A32D752A2FF}</UniqueIdentifier>
      <Extensions>cpp;c;cc;cxx;def;odl;idl;hpj;bat;asm;asmx</Extensions>
    </Filter>
    <Filter Include="Header Files">
      <UniqueIdentifier>{93995380-89BD-4b04-88EB-625FBE52EBFB}</UniqueIdentifier>
      <Extensions>h;hh;hpp;hxx;hm;inl;inc;xsd</Extensions>
    </Filter>
    <Filter Include="Resource Files">
      <UniqueIdentifier>{67DA6AB6-F800-4c08-8B7A-83BB121AAD01}</UniqueIdentifier>
      <Extensions>rc;ico;cur;bmp;dlg;rc2;rct;bin;rgs;gif;jpg;jpeg;jpe;resx;tiff;tif;png;wav</Extensions>
    </Filter>
  </ItemGroup>
  <ItemGroup>
    <ClCompile Include="src\Actor.cpp">
      <Filter>Source Files</Filter>
    </ClCompile>
    <ClCompile Include="src\App.cpp">
      <Filter>Source Files</Filter>
    </ClCompile>
    <ClCompile Include="src\AttackEnemyNode.cpp">
      <Filter>Source Files</Filter>
    </ClCompile>
    <ClCompile Include="src\BehaviourTree.cpp">
      <Filter>Source Files</Filter>
    </ClCompile>
    <ClCompile Include="src\BehaviourTreeMemSelector.cpp">
      <Filter>Source Files</Filter>
    </ClCompile>
    <ClCompile Include="src\BehaviourTreeMemSequencer.cpp">
      <Filter>Source Files</Filter>
    </ClCompile>
    <ClCompile Include="src\BehaviourTreeNode.cpp">
      <Filter>Source Files</Filter>
    </ClCompile>
    <ClCompile Include="src\BehaviourTreeSelector.cpp">
      <Filter>Source Files</Filter>
    </ClCompile>
    <ClCompile Include="src\BehaviourTreeSequencer.cpp">
      <Filter>Source Files</Filter>
    </ClCompile>
    <ClCompile Include="src\Entity.cpp">
      <Filter>Source Files</Filter>
    </ClCompile>
    <ClCompile Include="src\ExploreNode.cpp">
      <Filter>Source Files</Filter>
    </ClCompile>
    <ClCompile Include="src\FieldOfView.cpp">
      <Filter>Source Files</Filter>
    </ClCompile>
    <ClCompile Include="src\FleeNode.cpp">
      <Filter>Source Files</Filter>
    </ClCompile>
    <ClCompile Include="src\Gamestate.cpp">
      <Filter>Source Files</Filter>
    </ClCompile>
    <ClCompile Include="src\Goblin.cpp">
      <Filter>Source Files</Filter>
    </ClCompile>
    <ClCompile Include="src\HealFriendNode.cpp">
      <Filter>Source Files</Filter>
    </ClCompile>
    <ClCompile Include="src\Hero.cpp">
      <Filter>Source Files</Filter>
    </ClCompile>
    <ClCompile Include="src\IfHealthBelow.cpp">
      <Filter>Source Files</Filter>
    </ClCompile>
    <ClCompile Include="src\IfNotSeeEnemyNode.cpp">
      <Filter>Source Files</Filter>
    </ClCompile>
    <ClCompile Include="src\IfSeeEnemyNode.cpp">
      <Filter>Source Files</Filter>
    </ClCompile>
    <ClCompile Include="src\IfSeeFriendNode.cpp">
      <Filter>Source Files</Filter>
    </ClCompile>
    <ClCompile Include="src\imgui.cpp">
      <Filter>Source Files</Filter>
    </ClCompile>
    <ClCompile Include="src\imgui_demo.cpp">
      <Filter>Source Files</Filter>
    </ClCompile>
    <ClCompile Include="src\imgui_draw.cpp">
      <Filter>Source Files</Filter>
    </ClCompile>
    <ClCompile Include="src\imgui_impl_sdl_gl3.cpp">
      <Filter>Source Files</Filter>
    </ClCompile>
    <ClCompile Include="src\imgui_user.cpp">
      <Filter>Source Files</Filter>
    </ClCompile>
    <ClCompile Include="src\Input.cpp">
      <Filter>Source Files</Filter>
    </ClCompile>
    <ClCompile Include="src\Main.cpp">
      <Filter>Source Files</Filter>
    </ClCompile>
    <ClCompile Include="src\Mapgen.cpp">
      <Filter>Source Files</Filter>
    </ClCompile>
    <ClCompile Include="src\Pathfinder.cpp">
      <Filter>Source Files</Filter>
    </ClCompile>
    <ClCompile Include="src\PlayState.cpp">
      <Filter>Source Files</Filter>
    </ClCompile>
    <ClCompile Include="src\RangedAttackNode.cpp">
      <Filter>Source Files</Filter>
    </ClCompile>
    <ClCompile Include="src\Renderer.cpp">
      <Filter>Source Files</Filter>
    </ClCompile>
    <ClCompile Include="src\RestNode.cpp">
      <Filter>Source Files</Filter>
    </ClCompile>
    <ClCompile Include="src\Shaman.cpp">
      <Filter>Source Files</Filter>
    </ClCompile>
    <ClCompile Include="src\Tilemap.cpp">
      <Filter>Source Files</Filter>
    </ClCompile>
    <ClCompile Include="src\Tileset.cpp">
      <Filter>Source Files</Filter>
    </ClCompile>
    <ClCompile Include="src\WanderNode.cpp">
      <Filter>Source Files</Filter>
    </ClCompile>
    <ClCompile Include="src\World.cpp">
      <Filter>Source Files</Filter>
    </ClCompile>
    <ClCompile Include="src\Rng.cpp">
      <Filter>Source Files</Filter>
    </ClCompile>
    <ClCompile Include="src\Shader.cpp">
      <Filter>Source Files</Filter>
    </ClCompile>
  </ItemGroup>
  <ItemGroup>
    <ClInclude Include="src\Actor.h">
      <Filter>Header Files</Filter>
    </ClInclude>
    <ClInclude Include="src\App.h">
      <Filter>Header Files</Filter>
    </ClInclude>
    <ClInclude Include="src\AttackEnemyNode.h">
      <Filter>Header Files</Filter>
    </ClInclude>
    <ClInclude Include="src\BehaviourTree.h">
      <Filter>Header Files</Filter>
    </ClInclude>
    <ClInclude Include="src\BehaviourTreeMemSelector.h">
      <Filter>Header Files</Filter>
    </ClInclude>
    <ClInclude Include="src\BehaviourTreeMemSequencer.h">
      <Filter>Header Files</Filter>
    </ClInclude>
    <ClInclude Include="src\BehaviourTreeNode.h">
      <Filter>Header Files</Filter>
    </ClInclude>
    <ClInclude Include="src\BehaviourTreeSelector.h">
      <Filter>Header Files</Filter>
    </ClInclude>
    <ClInclude Include="src\BehaviourTreeSequencer.h">
      <Filter>Header Files</Filter>
    </ClInclude>
    <ClInclude Include="src\Color.h">
      <Filter>Header Files</Filter>
    </ClInclude>
    <ClInclude Include="src\Entity.h">
      <Filter>Header Files</Filter>
    </ClInclude>
    <ClInclude Include="src\ExploreNode.h">
      <Filter>Header Files</Filter>
    </ClInclude>
    <ClInclude Include="src\FieldOfView.h">
      <Filter>Header Files</Filter>
    </ClInclude>
    <ClInclude Include="src\FleeNode.h">
      <Filter>Header Files</Filter>
    </ClInclude>
    <ClInclude Include="src\Gamestate.h">
      <Filter>Header Files</Filter>
    </ClInclude>
    <ClInclude Include="src\gitparams.h">
      <Filter>Header Files</Filter>
    </ClInclude>
    <ClInclude Include="src\Goblin.h">
      <Filter>Header Files</Filter>
    </ClInclude>
    <ClInclude Include="src\HealFriendNode.h">
      <Filter>Header Files</Filter>
    </ClInclude>
    <ClInclude Include="src\Hero.h">
      <Filter>Header Files</Filter>
    </ClInclude>
    <ClInclude Include="src\IfHealthBelow.h">
      <Filter>Header Files</Filter>
    </ClInclude>
    <ClInclude Include="src\IfNotSeeEnemyNode.h">
      <Filter>Header Files</Filter>
    </ClInclude>
    <ClInclude Include="src\IfSeeEnemyNode.h">
      <Filter>Header Files</Filter>
    </ClInclude>
    <ClInclude Include="src\IfSeeFriendNode.h">
      <Filter>Header Files</Filter>
    </ClInclude>
    <ClInclude Include="src\imconfig.h">
      <Filter>Header Files</Filter>
    </ClInclude>
    <ClInclude Include="src\imgui.h">
      <Filter>Header Files</Filter>
    </ClInclude>
    <ClInclude Include="src\imgui_impl_sdl_gl3.h">
      <Filter>Header Files</Filter>
    </ClInclude>
    <ClInclude Include="src\imgui_internal.h">
      <Filter>Header Files</Filter>
    </ClInclude>
    <ClInclude Include="src\imgui_user.h">
      <Filter>Header Files</Filter>
    </ClInclude>
    <ClInclude Include="src\Input.h">
      <Filter>Header Files</Filter>
    </ClInclude>
    <ClInclude Include="src\Logger.h">
      <Filter>Header Files</Filter>
    </ClInclude>
    <ClInclude Include="src\Mapgen.h">
      <Filter>Header Files</Filter>
    </ClInclude>
    <ClInclude Include="src\Pathfinder.h">
      <Filter>Header Files</Filter>
    </ClInclude>
    <ClInclude Include="src\PlayState.h">
      <Filter>Header Files</Filter>
    </ClInclude>
    <ClInclude Include="src\RangedAttackNode.h">
      <Filter>Header Files</Filter>
    </ClInclude>
    <ClInclude Include="src\Renderer.h">
      <Filter>Header Files</Filter>
    </ClInclude>
    <ClInclude Include="src\RestNode.h">
      <Filter>Header Files</Filter>
    </ClInclude>
    <ClInclude Include="src\Shaman.h">
      <Filter>Header Files</Filter>
    </ClInclude>
    <ClInclude Include="src\Stats.h">
      <Filter>Header Files</Filter>
    </ClInclude>
    <ClInclude Include="src\stb_rect_pack.h">
      <Filter>Header Files</Filter>
    </ClInclude>
    <ClInclude Include="src\stb_textedit.h">
      <Filter>Header Files</Filter>
    </ClInclude>
    <ClInclude Include="src\stb_truetype.h">
      <Filter>Header Files</Filter>
    </ClInclude>
    <ClInclude Include="src\Tilemap.h">
      <Filter>Header Files</Filter>
    </ClInclude>
    <ClInclude Include="src\Tileset.h">
      <Filter>Header Files</Filter>
    </ClInclude>
    <ClInclude Include="src\vec2i.h">
      <Filter>Header Files</Filter>
    </ClInclude>
    <ClInclude Include="src\WanderNode.h">
      <Filter>Header Files</Filter>
    </ClInclude>
    <ClInclude Include="src\wglew.h">
      <Filter>Header Files</Filter>
    </ClInclude>
    <ClInclude Include="src\World.h">
      <Filter>Header Files</Filter>
    </ClInclude>
    <ClInclude Include="src\Rng.h">
      <Filter>Header Files</Filter>
    </ClInclude>
    <ClInclude Include="src\Shader.h">
      <Filter>Header Files</Filter>
    </ClInclude>
  </ItemGroup>
</Project>